
Microsoft Visual Studio Solution File, Format Version 12.00
# Visual Studio 14
VisualStudioVersion = 14.0.25123.0
MinimumVisualStudioVersion = 10.0.40219.1
Project("{FAE04EC0-301F-11D3-BF4B-00C04F79EFBC}") = "BookLibrary.Api", "Book-library.Api\BookLibrary.Api.csproj", "{15B05C27-D878-4EB6-A3F2-4DC661C8C187}"
EndProject
Project("{FAE04EC0-301F-11D3-BF4B-00C04F79EFBC}") = "BookLibrary.ApiTest", "BookLibrary.ApiTest\BookLibrary.ApiTest.csproj", "{CCEEA29D-3FC8-4DA2-9342-E640489B76B0}"
EndProject
Project("{FAE04EC0-301F-11D3-BF4B-00C04F79EFBC}") = "BookLibrary.Web", "BookLibrary.Web\BookLibrary.Web.csproj", "{DC791825-87BA-4EB7-8E2E-1026C5350808}"
EndProject
Global
	GlobalSection(SolutionConfigurationPlatforms) = preSolution
		Debug|Any CPU = Debug|Any CPU
		Release|Any CPU = Release|Any CPU
	EndGlobalSection
	GlobalSection(ProjectConfigurationPlatforms) = postSolution
		{15B05C27-D878-4EB6-A3F2-4DC661C8C187}.Debug|Any CPU.ActiveCfg = Debug|Any CPU
		{15B05C27-D878-4EB6-A3F2-4DC661C8C187}.Debug|Any CPU.Build.0 = Debug|Any CPU
		{15B05C27-D878-4EB6-A3F2-4DC661C8C187}.Release|Any CPU.ActiveCfg = Release|Any CPU
		{15B05C27-D878-4EB6-A3F2-4DC661C8C187}.Release|Any CPU.Build.0 = Release|Any CPU
		{CCEEA29D-3FC8-4DA2-9342-E640489B76B0}.Debug|Any CPU.ActiveCfg = Debug|Any CPU
		{CCEEA29D-3FC8-4DA2-9342-E640489B76B0}.Debug|Any CPU.Build.0 = Debug|Any CPU
		{CCEEA29D-3FC8-4DA2-9342-E640489B76B0}.Release|Any CPU.ActiveCfg = Release|Any CPU
		{CCEEA29D-3FC8-4DA2-9342-E640489B76B0}.Release|Any CPU.Build.0 = Release|Any CPU
		{DC791825-87BA-4EB7-8E2E-1026C5350808}.Debug|Any CPU.ActiveCfg = Debug|Any CPU
		{DC791825-87BA-4EB7-8E2E-1026C5350808}.Debug|Any CPU.Build.0 = Debug|Any CPU
		{DC791825-87BA-4EB7-8E2E-1026C5350808}.Release|Any CPU.ActiveCfg = Release|Any CPU
		{DC791825-87BA-4EB7-8E2E-1026C5350808}.Release|Any CPU.Build.0 = Release|Any CPU
	EndGlobalSection
	GlobalSection(SolutionProperties) = preSolution
		HideSolutionNode = FALSE
	EndGlobalSection
EndGlobal
